// !$*UTF8*$!
{
	archiveVersion = 1;
	classes = {
	};
	objectVersion = 55;
	objects = {

/* Begin PBXAggregateTarget section */
		94B8564A287B1A000045C325 /* BuildTools */ = {
			isa = PBXAggregateTarget;
			buildConfigurationList = 94B8564B287B1A000045C325 /* Build configuration list for PBXAggregateTarget "BuildTools" */;
			buildPhases = (
				94B8564F287B1A390045C325 /* Env */,
			);
			dependencies = (
			);
			name = BuildTools;
			productName = BuildTools;
		};
/* End PBXAggregateTarget section */

/* Begin PBXBuildFile section */
		0E236B6FE5C22E62EA08BC32 /* Pods_GithubViewer.framework in Frameworks */ = {isa = PBXBuildFile; fileRef = 1F9C85DEB763112855DFA8EB /* Pods_GithubViewer.framework */; };
		940444EB28773B9C006FC67A /* Alamofire in Frameworks */ = {isa = PBXBuildFile; productRef = 940444EA28773B9C006FC67A /* Alamofire */; };
		940444ED28773BDA006FC67A /* GithubClient.swift in Sources */ = {isa = PBXBuildFile; fileRef = 940444EC28773BDA006FC67A /* GithubClient.swift */; };
		940444F028773C94006FC67A /* EndPoint.swift in Sources */ = {isa = PBXBuildFile; fileRef = 940444EF28773C94006FC67A /* EndPoint.swift */; };
		9404450028774DD6006FC67A /* APIClientError.swift in Sources */ = {isa = PBXBuildFile; fileRef = 940444FF28774DD6006FC67A /* APIClientError.swift */; };
		9404450F287AE821006FC67A /* ListUser.swift in Sources */ = {isa = PBXBuildFile; fileRef = 9404450A287AE821006FC67A /* ListUser.swift */; };
		94044510287AE821006FC67A /* Repository.swift in Sources */ = {isa = PBXBuildFile; fileRef = 9404450C287AE821006FC67A /* Repository.swift */; };
		94044511287AE821006FC67A /* UserDetail.swift in Sources */ = {isa = PBXBuildFile; fileRef = 9404450E287AE821006FC67A /* UserDetail.swift */; };
		94044518287AEC54006FC67A /* UserListModel.swift in Sources */ = {isa = PBXBuildFile; fileRef = 94044517287AEC54006FC67A /* UserListModel.swift */; };
		941AA8A7287C84C60096AB3E /* ListUserTableViewCell.swift in Sources */ = {isa = PBXBuildFile; fileRef = 941AA8A5287C84C60096AB3E /* ListUserTableViewCell.swift */; };
		941AA8A8287C84C60096AB3E /* ListUserTableViewCell.xib in Resources */ = {isa = PBXBuildFile; fileRef = 941AA8A6287C84C60096AB3E /* ListUserTableViewCell.xib */; };
		941AA8AA287C85940096AB3E /* UITableView+Extension.swift in Sources */ = {isa = PBXBuildFile; fileRef = 941AA8A9287C85940096AB3E /* UITableView+Extension.swift */; };
		941AA8AD287C8B380096AB3E /* Kingfisher in Frameworks */ = {isa = PBXBuildFile; productRef = 941AA8AC287C8B380096AB3E /* Kingfisher */; };
		941AA8AF287C8FA90096AB3E /* Localizable.strings in Resources */ = {isa = PBXBuildFile; fileRef = 941AA8AE287C8FA90096AB3E /* Localizable.strings */; };
		941AA8B4287C916F0096AB3E /* AlertViewController.swift in Sources */ = {isa = PBXBuildFile; fileRef = 941AA8B3287C916F0096AB3E /* AlertViewController.swift */; };
		94A94B5528749DBF00DAAE28 /* AppDelegate.swift in Sources */ = {isa = PBXBuildFile; fileRef = 94A94B5428749DBF00DAAE28 /* AppDelegate.swift */; };
		94A94B5728749DBF00DAAE28 /* SceneDelegate.swift in Sources */ = {isa = PBXBuildFile; fileRef = 94A94B5628749DBF00DAAE28 /* SceneDelegate.swift */; };
		94A94B5928749DBF00DAAE28 /* ListUserViewController.swift in Sources */ = {isa = PBXBuildFile; fileRef = 94A94B5828749DBF00DAAE28 /* ListUserViewController.swift */; };
		94A94B5C28749DBF00DAAE28 /* ListUserViewController.storyboard in Resources */ = {isa = PBXBuildFile; fileRef = 94A94B5A28749DBF00DAAE28 /* ListUserViewController.storyboard */; };
		94A94B5E28749DC100DAAE28 /* Assets.xcassets in Resources */ = {isa = PBXBuildFile; fileRef = 94A94B5D28749DC100DAAE28 /* Assets.xcassets */; };
		94A94B6128749DC100DAAE28 /* LaunchScreen.storyboard in Resources */ = {isa = PBXBuildFile; fileRef = 94A94B5F28749DC100DAAE28 /* LaunchScreen.storyboard */; };
		94B85649287B196B0045C325 /* Environment.swift in Sources */ = {isa = PBXBuildFile; fileRef = 94B85648287B196B0045C325 /* Environment.swift */; };
		94B85654287B1BAC0045C325 /* Environment+Extension.swift in Sources */ = {isa = PBXBuildFile; fileRef = 94B85653287B1BAC0045C325 /* Environment+Extension.swift */; };
		94B85656287B26190045C325 /* UserModel.swift in Sources */ = {isa = PBXBuildFile; fileRef = 94B85655287B26190045C325 /* UserModel.swift */; };
		94B85659287B32490045C325 /* RepositoriesModel.swift in Sources */ = {isa = PBXBuildFile; fileRef = 94B85658287B32490045C325 /* RepositoriesModel.swift */; };
		94B8565B287B35FF0045C325 /* RequestParameter.swift in Sources */ = {isa = PBXBuildFile; fileRef = 94B8565A287B35FF0045C325 /* RequestParameter.swift */; };
		94B8565E287B36DB0045C325 /* UsersRequestParameter.swift in Sources */ = {isa = PBXBuildFile; fileRef = 94B8565D287B36DB0045C325 /* UsersRequestParameter.swift */; };
		94B85660287B39E10045C325 /* RepositoriesRequestParameter.swift in Sources */ = {isa = PBXBuildFile; fileRef = 94B8565F287B39E10045C325 /* RepositoriesRequestParameter.swift */; };
		94B85664287BDF640045C325 /* ListUserPresenter.swift in Sources */ = {isa = PBXBuildFile; fileRef = 94B85663287BDF640045C325 /* ListUserPresenter.swift */; };
		94B85667287BE0680045C325 /* IndicatorFooterView.swift in Sources */ = {isa = PBXBuildFile; fileRef = 94B85666287BE0680045C325 /* IndicatorFooterView.swift */; };
/* End PBXBuildFile section */

/* Begin PBXFileReference section */
		1F9C85DEB763112855DFA8EB /* Pods_GithubViewer.framework */ = {isa = PBXFileReference; explicitFileType = wrapper.framework; includeInIndex = 0; path = Pods_GithubViewer.framework; sourceTree = BUILT_PRODUCTS_DIR; };
		940444EC28773BDA006FC67A /* GithubClient.swift */ = {isa = PBXFileReference; lastKnownFileType = sourcecode.swift; path = GithubClient.swift; sourceTree = "<group>"; };
		940444EF28773C94006FC67A /* EndPoint.swift */ = {isa = PBXFileReference; lastKnownFileType = sourcecode.swift; path = EndPoint.swift; sourceTree = "<group>"; };
		940444FF28774DD6006FC67A /* APIClientError.swift */ = {isa = PBXFileReference; lastKnownFileType = sourcecode.swift; path = APIClientError.swift; sourceTree = "<group>"; };
		9404450A287AE821006FC67A /* ListUser.swift */ = {isa = PBXFileReference; fileEncoding = 4; lastKnownFileType = sourcecode.swift; path = ListUser.swift; sourceTree = "<group>"; };
		9404450C287AE821006FC67A /* Repository.swift */ = {isa = PBXFileReference; fileEncoding = 4; lastKnownFileType = sourcecode.swift; path = Repository.swift; sourceTree = "<group>"; };
		9404450E287AE821006FC67A /* UserDetail.swift */ = {isa = PBXFileReference; fileEncoding = 4; lastKnownFileType = sourcecode.swift; path = UserDetail.swift; sourceTree = "<group>"; };
		94044517287AEC54006FC67A /* UserListModel.swift */ = {isa = PBXFileReference; lastKnownFileType = sourcecode.swift; path = UserListModel.swift; sourceTree = "<group>"; };
		941AA8A5287C84C60096AB3E /* ListUserTableViewCell.swift */ = {isa = PBXFileReference; lastKnownFileType = sourcecode.swift; path = ListUserTableViewCell.swift; sourceTree = "<group>"; };
		941AA8A6287C84C60096AB3E /* ListUserTableViewCell.xib */ = {isa = PBXFileReference; lastKnownFileType = file.xib; path = ListUserTableViewCell.xib; sourceTree = "<group>"; };
		941AA8A9287C85940096AB3E /* UITableView+Extension.swift */ = {isa = PBXFileReference; lastKnownFileType = sourcecode.swift; path = "UITableView+Extension.swift"; sourceTree = "<group>"; };
		941AA8AE287C8FA90096AB3E /* Localizable.strings */ = {isa = PBXFileReference; lastKnownFileType = text.plist.strings; path = Localizable.strings; sourceTree = "<group>"; };
		941AA8B3287C916F0096AB3E /* AlertViewController.swift */ = {isa = PBXFileReference; lastKnownFileType = sourcecode.swift; path = AlertViewController.swift; sourceTree = "<group>"; };
		94A94B5128749DBF00DAAE28 /* GithubViewer.app */ = {isa = PBXFileReference; explicitFileType = wrapper.application; includeInIndex = 0; path = GithubViewer.app; sourceTree = BUILT_PRODUCTS_DIR; };
		94A94B5428749DBF00DAAE28 /* AppDelegate.swift */ = {isa = PBXFileReference; lastKnownFileType = sourcecode.swift; path = AppDelegate.swift; sourceTree = "<group>"; };
		94A94B5628749DBF00DAAE28 /* SceneDelegate.swift */ = {isa = PBXFileReference; lastKnownFileType = sourcecode.swift; path = SceneDelegate.swift; sourceTree = "<group>"; };
		94A94B5828749DBF00DAAE28 /* ListUserViewController.swift */ = {isa = PBXFileReference; lastKnownFileType = sourcecode.swift; path = ListUserViewController.swift; sourceTree = "<group>"; };
		94A94B5B28749DBF00DAAE28 /* Base */ = {isa = PBXFileReference; lastKnownFileType = file.storyboard; name = Base; path = Base.lproj/ListUserViewController.storyboard; sourceTree = "<group>"; };
		94A94B5D28749DC100DAAE28 /* Assets.xcassets */ = {isa = PBXFileReference; lastKnownFileType = folder.assetcatalog; path = Assets.xcassets; sourceTree = "<group>"; };
		94A94B6028749DC100DAAE28 /* Base */ = {isa = PBXFileReference; lastKnownFileType = file.storyboard; name = Base; path = Base.lproj/LaunchScreen.storyboard; sourceTree = "<group>"; };
		94A94B6228749DC100DAAE28 /* Info.plist */ = {isa = PBXFileReference; lastKnownFileType = text.plist.xml; path = Info.plist; sourceTree = "<group>"; };
		94B85648287B196B0045C325 /* Environment.swift */ = {isa = PBXFileReference; fileEncoding = 4; lastKnownFileType = sourcecode.swift; name = Environment.swift; path = Resource/Environment.swift; sourceTree = "<group>"; };
		94B85653287B1BAC0045C325 /* Environment+Extension.swift */ = {isa = PBXFileReference; lastKnownFileType = sourcecode.swift; path = "Environment+Extension.swift"; sourceTree = "<group>"; };
		94B85655287B26190045C325 /* UserModel.swift */ = {isa = PBXFileReference; lastKnownFileType = sourcecode.swift; path = UserModel.swift; sourceTree = "<group>"; };
		94B85658287B32490045C325 /* RepositoriesModel.swift */ = {isa = PBXFileReference; lastKnownFileType = sourcecode.swift; path = RepositoriesModel.swift; sourceTree = "<group>"; };
		94B8565A287B35FF0045C325 /* RequestParameter.swift */ = {isa = PBXFileReference; fileEncoding = 4; lastKnownFileType = sourcecode.swift; path = RequestParameter.swift; sourceTree = "<group>"; };
		94B8565D287B36DB0045C325 /* UsersRequestParameter.swift */ = {isa = PBXFileReference; lastKnownFileType = sourcecode.swift; path = UsersRequestParameter.swift; sourceTree = "<group>"; };
		94B8565F287B39E10045C325 /* RepositoriesRequestParameter.swift */ = {isa = PBXFileReference; lastKnownFileType = sourcecode.swift; path = RepositoriesRequestParameter.swift; sourceTree = "<group>"; };
		94B85663287BDF640045C325 /* ListUserPresenter.swift */ = {isa = PBXFileReference; lastKnownFileType = sourcecode.swift; path = ListUserPresenter.swift; sourceTree = "<group>"; };
		94B85666287BE0680045C325 /* IndicatorFooterView.swift */ = {isa = PBXFileReference; lastKnownFileType = sourcecode.swift; path = IndicatorFooterView.swift; sourceTree = "<group>"; };
		CDB895112BA318B12205CCA7 /* Pods-GithubViewer.debug.xcconfig */ = {isa = PBXFileReference; includeInIndex = 1; lastKnownFileType = text.xcconfig; name = "Pods-GithubViewer.debug.xcconfig"; path = "Target Support Files/Pods-GithubViewer/Pods-GithubViewer.debug.xcconfig"; sourceTree = "<group>"; };
		D2C24F85E2887015A1A370EF /* Pods-GithubViewer.release.xcconfig */ = {isa = PBXFileReference; includeInIndex = 1; lastKnownFileType = text.xcconfig; name = "Pods-GithubViewer.release.xcconfig"; path = "Target Support Files/Pods-GithubViewer/Pods-GithubViewer.release.xcconfig"; sourceTree = "<group>"; };
/* End PBXFileReference section */

/* Begin PBXFrameworksBuildPhase section */
		94A94B4E28749DBF00DAAE28 /* Frameworks */ = {
			isa = PBXFrameworksBuildPhase;
			buildActionMask = 2147483647;
			files = (
				941AA8AD287C8B380096AB3E /* Kingfisher in Frameworks */,
				0E236B6FE5C22E62EA08BC32 /* Pods_GithubViewer.framework in Frameworks */,
				940444EB28773B9C006FC67A /* Alamofire in Frameworks */,
			);
			runOnlyForDeploymentPostprocessing = 0;
		};
/* End PBXFrameworksBuildPhase section */

/* Begin PBXGroup section */
		940444E72877398A006FC67A /* Model */ = {
			isa = PBXGroup;
			children = (
				940444F128773E49006FC67A /* APIClient */,
				94B85658287B32490045C325 /* RepositoriesModel.swift */,
				94044517287AEC54006FC67A /* UserListModel.swift */,
				94B85655287B26190045C325 /* UserModel.swift */,
			);
			path = Model;
			sourceTree = "<group>";
		};
		940444F128773E49006FC67A /* APIClient */ = {
			isa = PBXGroup;
			children = (
				94B8565C287B360C0045C325 /* RequestParameter */,
				940444FC28774982006FC67A /* Constants */,
				940444F428774085006FC67A /* Github */,
			);
			path = APIClient;
			sourceTree = "<group>";
		};
		940444F428774085006FC67A /* Github */ = {
			isa = PBXGroup;
			children = (
				940444EC28773BDA006FC67A /* GithubClient.swift */,
			);
			path = Github;
			sourceTree = "<group>";
		};
		940444FC28774982006FC67A /* Constants */ = {
			isa = PBXGroup;
			children = (
				940444FF28774DD6006FC67A /* APIClientError.swift */,
				940444EF28773C94006FC67A /* EndPoint.swift */,
			);
			path = Constants;
			sourceTree = "<group>";
		};
		9404450428774FFB006FC67A /* Entities */ = {
			isa = PBXGroup;
			children = (
				9404450A287AE821006FC67A /* ListUser.swift */,
				9404450C287AE821006FC67A /* Repository.swift */,
				9404450E287AE821006FC67A /* UserDetail.swift */,
			);
			path = Entities;
			sourceTree = "<group>";
		};
		941AA8A4287C846D0096AB3E /* Cells */ = {
			isa = PBXGroup;
			children = (
				941AA8A5287C84C60096AB3E /* ListUserTableViewCell.swift */,
				941AA8A6287C84C60096AB3E /* ListUserTableViewCell.xib */,
			);
			path = Cells;
			sourceTree = "<group>";
		};
		941AA8B2287C91400096AB3E /* Common */ = {
			isa = PBXGroup;
			children = (
				941AA8B3287C916F0096AB3E /* AlertViewController.swift */,
			);
			path = Common;
			sourceTree = "<group>";
		};
		94A94B4828749DBF00DAAE28 = {
			isa = PBXGroup;
			children = (
				94A94B5328749DBF00DAAE28 /* GithubViewer */,
				94A94B5228749DBF00DAAE28 /* Products */,
				DC65875B5A6A8860CE64D619 /* Pods */,
				D9F68C07136545D247F09A0A /* Frameworks */,
			);
			sourceTree = "<group>";
		};
		94A94B5228749DBF00DAAE28 /* Products */ = {
			isa = PBXGroup;
			children = (
				94A94B5128749DBF00DAAE28 /* GithubViewer.app */,
			);
			name = Products;
			sourceTree = "<group>";
		};
		94A94B5328749DBF00DAAE28 /* GithubViewer */ = {
			isa = PBXGroup;
			children = (
				94A94B5428749DBF00DAAE28 /* AppDelegate.swift */,
				94B85648287B196B0045C325 /* Environment.swift */,
				94A94B5628749DBF00DAAE28 /* SceneDelegate.swift */,
				9404450428774FFB006FC67A /* Entities */,
				94B85652287B1B820045C325 /* Extensions */,
				940444E72877398A006FC67A /* Model */,
				94BC6AE828772E8000DA6CA1 /* Resource */,
				94BC6AE728772E6800DA6CA1 /* UI */,
			);
			path = GithubViewer;
			sourceTree = "<group>";
		};
		94B85652287B1B820045C325 /* Extensions */ = {
			isa = PBXGroup;
			children = (
				94B85653287B1BAC0045C325 /* Environment+Extension.swift */,
				941AA8A9287C85940096AB3E /* UITableView+Extension.swift */,
			);
			path = Extensions;
			sourceTree = "<group>";
		};
		94B8565C287B360C0045C325 /* RequestParameter */ = {
			isa = PBXGroup;
			children = (
				94B8565F287B39E10045C325 /* RepositoriesRequestParameter.swift */,
				94B8565A287B35FF0045C325 /* RequestParameter.swift */,
				94B8565D287B36DB0045C325 /* UsersRequestParameter.swift */,
			);
			path = RequestParameter;
			sourceTree = "<group>";
		};
		94B85662287BDDD40045C325 /* ListUser */ = {
			isa = PBXGroup;
			children = (
				941AA8A4287C846D0096AB3E /* Cells */,
				94B85665287BE0410045C325 /* FooterView */,
				94B85663287BDF640045C325 /* ListUserPresenter.swift */,
				94A94B5A28749DBF00DAAE28 /* ListUserViewController.storyboard */,
				94A94B5828749DBF00DAAE28 /* ListUserViewController.swift */,
			);
			path = ListUser;
			sourceTree = "<group>";
		};
		94B85665287BE0410045C325 /* FooterView */ = {
			isa = PBXGroup;
			children = (
				94B85666287BE0680045C325 /* IndicatorFooterView.swift */,
			);
			path = FooterView;
			sourceTree = "<group>";
		};
		94BC6AE728772E6800DA6CA1 /* UI */ = {
			isa = PBXGroup;
			children = (
				94A94B5F28749DC100DAAE28 /* LaunchScreen.storyboard */,
				941AA8B2287C91400096AB3E /* Common */,
				94B85662287BDDD40045C325 /* ListUser */,
			);
			path = UI;
			sourceTree = "<group>";
		};
		94BC6AE828772E8000DA6CA1 /* Resource */ = {
			isa = PBXGroup;
			children = (
				94A94B5D28749DC100DAAE28 /* Assets.xcassets */,
				94A94B6228749DC100DAAE28 /* Info.plist */,
				941AA8AE287C8FA90096AB3E /* Localizable.strings */,
			);
			path = Resource;
			sourceTree = "<group>";
		};
		D9F68C07136545D247F09A0A /* Frameworks */ = {
			isa = PBXGroup;
			children = (
				1F9C85DEB763112855DFA8EB /* Pods_GithubViewer.framework */,
			);
			name = Frameworks;
			sourceTree = "<group>";
		};
		DC65875B5A6A8860CE64D619 /* Pods */ = {
			isa = PBXGroup;
			children = (
				CDB895112BA318B12205CCA7 /* Pods-GithubViewer.debug.xcconfig */,
				D2C24F85E2887015A1A370EF /* Pods-GithubViewer.release.xcconfig */,
			);
			path = Pods;
			sourceTree = "<group>";
		};
/* End PBXGroup section */

/* Begin PBXNativeTarget section */
		94A94B5028749DBF00DAAE28 /* GithubViewer */ = {
			isa = PBXNativeTarget;
			buildConfigurationList = 94A94B6528749DC100DAAE28 /* Build configuration list for PBXNativeTarget "GithubViewer" */;
			buildPhases = (
				7DE6876AE6155461541318B6 /* [CP] Check Pods Manifest.lock */,
				94A94B4D28749DBF00DAAE28 /* Sources */,
				94A94B4E28749DBF00DAAE28 /* Frameworks */,
				94A94B4F28749DBF00DAAE28 /* Resources */,
				9400B03C287524F4009E4848 /* Swift Lint */,
			);
			buildRules = (
			);
			dependencies = (
			);
			name = GithubViewer;
			packageProductDependencies = (
				940444EA28773B9C006FC67A /* Alamofire */,
				941AA8AC287C8B380096AB3E /* Kingfisher */,
			);
			productName = GithubViewer;
			productReference = 94A94B5128749DBF00DAAE28 /* GithubViewer.app */;
			productType = "com.apple.product-type.application";
		};
/* End PBXNativeTarget section */

/* Begin PBXProject section */
		94A94B4928749DBF00DAAE28 /* Project object */ = {
			isa = PBXProject;
			attributes = {
				BuildIndependentTargetsInParallel = 1;
				LastSwiftUpdateCheck = 1330;
				LastUpgradeCheck = 1330;
				TargetAttributes = {
					94A94B5028749DBF00DAAE28 = {
						CreatedOnToolsVersion = 13.3.1;
					};
					94B8564A287B1A000045C325 = {
						CreatedOnToolsVersion = 13.3.1;
					};
				};
			};
			buildConfigurationList = 94A94B4C28749DBF00DAAE28 /* Build configuration list for PBXProject "GithubViewer" */;
			compatibilityVersion = "Xcode 13.0";
			developmentRegion = en;
			hasScannedForEncodings = 0;
			knownRegions = (
				en,
				Base,
			);
			mainGroup = 94A94B4828749DBF00DAAE28;
			packageReferences = (
				940444E928773B9C006FC67A /* XCRemoteSwiftPackageReference "Alamofire" */,
				941AA8AB287C8B380096AB3E /* XCRemoteSwiftPackageReference "Kingfisher" */,
			);
			productRefGroup = 94A94B5228749DBF00DAAE28 /* Products */;
			projectDirPath = "";
			projectRoot = "";
			targets = (
				94A94B5028749DBF00DAAE28 /* GithubViewer */,
				94B8564A287B1A000045C325 /* BuildTools */,
			);
		};
/* End PBXProject section */

/* Begin PBXResourcesBuildPhase section */
		94A94B4F28749DBF00DAAE28 /* Resources */ = {
			isa = PBXResourcesBuildPhase;
			buildActionMask = 2147483647;
			files = (
				941AA8AF287C8FA90096AB3E /* Localizable.strings in Resources */,
				941AA8A8287C84C60096AB3E /* ListUserTableViewCell.xib in Resources */,
				94A94B6128749DC100DAAE28 /* LaunchScreen.storyboard in Resources */,
				94A94B5E28749DC100DAAE28 /* Assets.xcassets in Resources */,
				94A94B5C28749DBF00DAAE28 /* ListUserViewController.storyboard in Resources */,
			);
			runOnlyForDeploymentPostprocessing = 0;
		};
/* End PBXResourcesBuildPhase section */

/* Begin PBXShellScriptBuildPhase section */
		7DE6876AE6155461541318B6 /* [CP] Check Pods Manifest.lock */ = {
			isa = PBXShellScriptBuildPhase;
			buildActionMask = 2147483647;
			files = (
			);
			inputFileListPaths = (
			);
			inputPaths = (
				"${PODS_PODFILE_DIR_PATH}/Podfile.lock",
				"${PODS_ROOT}/Manifest.lock",
			);
			name = "[CP] Check Pods Manifest.lock";
			outputFileListPaths = (
			);
			outputPaths = (
				"$(DERIVED_FILE_DIR)/Pods-GithubViewer-checkManifestLockResult.txt",
			);
			runOnlyForDeploymentPostprocessing = 0;
			shellPath = /bin/sh;
			shellScript = "diff \"${PODS_PODFILE_DIR_PATH}/Podfile.lock\" \"${PODS_ROOT}/Manifest.lock\" > /dev/null\nif [ $? != 0 ] ; then\n    # print error to STDERR\n    echo \"error: The sandbox is not in sync with the Podfile.lock. Run 'pod install' or update your CocoaPods installation.\" >&2\n    exit 1\nfi\n# This output is used by Xcode 'outputs' to avoid re-running this script phase.\necho \"SUCCESS\" > \"${SCRIPT_OUTPUT_FILE_0}\"\n";
			showEnvVarsInLog = 0;
		};
		9400B03C287524F4009E4848 /* Swift Lint */ = {
			isa = PBXShellScriptBuildPhase;
			buildActionMask = 2147483647;
			files = (
			);
			inputFileListPaths = (
			);
			inputPaths = (
			);
			name = "Swift Lint";
			outputFileListPaths = (
			);
			outputPaths = (
			);
			runOnlyForDeploymentPostprocessing = 0;
			shellPath = /bin/sh;
			shellScript = "if which \"${PODS_ROOT}/SwiftLint/swiftlint\" >/dev/null; then\n${PODS_ROOT}/SwiftLint/swiftlint autocorrect --format\n${PODS_ROOT}/SwiftLint/swiftlint\nelse\necho \"warning: SwiftLint not installed, download from https://github.com/realm/SwiftLint\"\nfi\n";
		};
		94B8564F287B1A390045C325 /* Env */ = {
			isa = PBXShellScriptBuildPhase;
			buildActionMask = 2147483647;
			files = (
			);
			inputFileListPaths = (
			);
			inputPaths = (
			);
			name = Env;
			outputFileListPaths = (
			);
			outputPaths = (
			);
			runOnlyForDeploymentPostprocessing = 0;
			shellPath = /bin/sh;
			shellScript = "\"${SRCROOT}/BuildTools/BuildEnv.sh\" \"${SRCROOT}/.env\" \"${SRCROOT}/${PROJECT}/Resource\"\n";
		};
/* End PBXShellScriptBuildPhase section */

/* Begin PBXSourcesBuildPhase section */
		94A94B4D28749DBF00DAAE28 /* Sources */ = {
			isa = PBXSourcesBuildPhase;
			buildActionMask = 2147483647;
			files = (
				941AA8A7287C84C60096AB3E /* ListUserTableViewCell.swift in Sources */,
				94A94B5928749DBF00DAAE28 /* ListUserViewController.swift in Sources */,
				94A94B5528749DBF00DAAE28 /* AppDelegate.swift in Sources */,
				94B85659287B32490045C325 /* RepositoriesModel.swift in Sources */,
				94B85656287B26190045C325 /* UserModel.swift in Sources */,
				9404450F287AE821006FC67A /* ListUser.swift in Sources */,
				94B85654287B1BAC0045C325 /* Environment+Extension.swift in Sources */,
				941AA8B4287C916F0096AB3E /* AlertViewController.swift in Sources */,
				94A94B5728749DBF00DAAE28 /* SceneDelegate.swift in Sources */,
				94B85667287BE0680045C325 /* IndicatorFooterView.swift in Sources */,
				94044510287AE821006FC67A /* Repository.swift in Sources */,
				94044511287AE821006FC67A /* UserDetail.swift in Sources */,
				940444F028773C94006FC67A /* EndPoint.swift in Sources */,
				94B85664287BDF640045C325 /* ListUserPresenter.swift in Sources */,
				94044518287AEC54006FC67A /* UserListModel.swift in Sources */,
				94B85649287B196B0045C325 /* Environment.swift in Sources */,
				941AA8AA287C85940096AB3E /* UITableView+Extension.swift in Sources */,
				94B85660287B39E10045C325 /* RepositoriesRequestParameter.swift in Sources */,
				9404450028774DD6006FC67A /* APIClientError.swift in Sources */,
				940444ED28773BDA006FC67A /* GithubClient.swift in Sources */,
				94B8565E287B36DB0045C325 /* UsersRequestParameter.swift in Sources */,
				94B8565B287B35FF0045C325 /* RequestParameter.swift in Sources */,
			);
			runOnlyForDeploymentPostprocessing = 0;
		};
/* End PBXSourcesBuildPhase section */

/* Begin PBXVariantGroup section */
		94A94B5A28749DBF00DAAE28 /* ListUserViewController.storyboard */ = {
			isa = PBXVariantGroup;
			children = (
				94A94B5B28749DBF00DAAE28 /* Base */,
			);
			name = ListUserViewController.storyboard;
			sourceTree = "<group>";
		};
		94A94B5F28749DC100DAAE28 /* LaunchScreen.storyboard */ = {
			isa = PBXVariantGroup;
			children = (
				94A94B6028749DC100DAAE28 /* Base */,
			);
			name = LaunchScreen.storyboard;
			sourceTree = "<group>";
		};
/* End PBXVariantGroup section */

/* Begin XCBuildConfiguration section */
		94A94B6328749DC100DAAE28 /* Debug */ = {
			isa = XCBuildConfiguration;
			buildSettings = {
				ALWAYS_SEARCH_USER_PATHS = NO;
				CLANG_ANALYZER_NONNULL = YES;
				CLANG_ANALYZER_NUMBER_OBJECT_CONVERSION = YES_AGGRESSIVE;
				CLANG_CXX_LANGUAGE_STANDARD = "gnu++17";
				CLANG_ENABLE_MODULES = YES;
				CLANG_ENABLE_OBJC_ARC = YES;
				CLANG_ENABLE_OBJC_WEAK = YES;
				CLANG_WARN_BLOCK_CAPTURE_AUTORELEASING = YES;
				CLANG_WARN_BOOL_CONVERSION = YES;
				CLANG_WARN_COMMA = YES;
				CLANG_WARN_CONSTANT_CONVERSION = YES;
				CLANG_WARN_DEPRECATED_OBJC_IMPLEMENTATIONS = YES;
				CLANG_WARN_DIRECT_OBJC_ISA_USAGE = YES_ERROR;
				CLANG_WARN_DOCUMENTATION_COMMENTS = YES;
				CLANG_WARN_EMPTY_BODY = YES;
				CLANG_WARN_ENUM_CONVERSION = YES;
				CLANG_WARN_INFINITE_RECURSION = YES;
				CLANG_WARN_INT_CONVERSION = YES;
				CLANG_WARN_NON_LITERAL_NULL_CONVERSION = YES;
				CLANG_WARN_OBJC_IMPLICIT_RETAIN_SELF = YES;
				CLANG_WARN_OBJC_LITERAL_CONVERSION = YES;
				CLANG_WARN_OBJC_ROOT_CLASS = YES_ERROR;
				CLANG_WARN_QUOTED_INCLUDE_IN_FRAMEWORK_HEADER = YES;
				CLANG_WARN_RANGE_LOOP_ANALYSIS = YES;
				CLANG_WARN_STRICT_PROTOTYPES = YES;
				CLANG_WARN_SUSPICIOUS_MOVE = YES;
				CLANG_WARN_UNGUARDED_AVAILABILITY = YES_AGGRESSIVE;
				CLANG_WARN_UNREACHABLE_CODE = YES;
				CLANG_WARN__DUPLICATE_METHOD_MATCH = YES;
				COPY_PHASE_STRIP = NO;
				DEBUG_INFORMATION_FORMAT = dwarf;
				ENABLE_STRICT_OBJC_MSGSEND = YES;
				ENABLE_TESTABILITY = YES;
				GCC_C_LANGUAGE_STANDARD = gnu11;
				GCC_DYNAMIC_NO_PIC = NO;
				GCC_NO_COMMON_BLOCKS = YES;
				GCC_OPTIMIZATION_LEVEL = 0;
				GCC_PREPROCESSOR_DEFINITIONS = (
					"DEBUG=1",
					"$(inherited)",
				);
				GCC_WARN_64_TO_32_BIT_CONVERSION = YES;
				GCC_WARN_ABOUT_RETURN_TYPE = YES_ERROR;
				GCC_WARN_UNDECLARED_SELECTOR = YES;
				GCC_WARN_UNINITIALIZED_AUTOS = YES_AGGRESSIVE;
				GCC_WARN_UNUSED_FUNCTION = YES;
				GCC_WARN_UNUSED_VARIABLE = YES;
				IPHONEOS_DEPLOYMENT_TARGET = 15.4;
				MTL_ENABLE_DEBUG_INFO = INCLUDE_SOURCE;
				MTL_FAST_MATH = YES;
				ONLY_ACTIVE_ARCH = YES;
				SDKROOT = iphoneos;
				SWIFT_ACTIVE_COMPILATION_CONDITIONS = DEBUG;
				SWIFT_OPTIMIZATION_LEVEL = "-Onone";
			};
			name = Debug;
		};
		94A94B6428749DC100DAAE28 /* Release */ = {
			isa = XCBuildConfiguration;
			buildSettings = {
				ALWAYS_SEARCH_USER_PATHS = NO;
				CLANG_ANALYZER_NONNULL = YES;
				CLANG_ANALYZER_NUMBER_OBJECT_CONVERSION = YES_AGGRESSIVE;
				CLANG_CXX_LANGUAGE_STANDARD = "gnu++17";
				CLANG_ENABLE_MODULES = YES;
				CLANG_ENABLE_OBJC_ARC = YES;
				CLANG_ENABLE_OBJC_WEAK = YES;
				CLANG_WARN_BLOCK_CAPTURE_AUTORELEASING = YES;
				CLANG_WARN_BOOL_CONVERSION = YES;
				CLANG_WARN_COMMA = YES;
				CLANG_WARN_CONSTANT_CONVERSION = YES;
				CLANG_WARN_DEPRECATED_OBJC_IMPLEMENTATIONS = YES;
				CLANG_WARN_DIRECT_OBJC_ISA_USAGE = YES_ERROR;
				CLANG_WARN_DOCUMENTATION_COMMENTS = YES;
				CLANG_WARN_EMPTY_BODY = YES;
				CLANG_WARN_ENUM_CONVERSION = YES;
				CLANG_WARN_INFINITE_RECURSION = YES;
				CLANG_WARN_INT_CONVERSION = YES;
				CLANG_WARN_NON_LITERAL_NULL_CONVERSION = YES;
				CLANG_WARN_OBJC_IMPLICIT_RETAIN_SELF = YES;
				CLANG_WARN_OBJC_LITERAL_CONVERSION = YES;
				CLANG_WARN_OBJC_ROOT_CLASS = YES_ERROR;
				CLANG_WARN_QUOTED_INCLUDE_IN_FRAMEWORK_HEADER = YES;
				CLANG_WARN_RANGE_LOOP_ANALYSIS = YES;
				CLANG_WARN_STRICT_PROTOTYPES = YES;
				CLANG_WARN_SUSPICIOUS_MOVE = YES;
				CLANG_WARN_UNGUARDED_AVAILABILITY = YES_AGGRESSIVE;
				CLANG_WARN_UNREACHABLE_CODE = YES;
				CLANG_WARN__DUPLICATE_METHOD_MATCH = YES;
				COPY_PHASE_STRIP = NO;
				DEBUG_INFORMATION_FORMAT = "dwarf-with-dsym";
				ENABLE_NS_ASSERTIONS = NO;
				ENABLE_STRICT_OBJC_MSGSEND = YES;
				GCC_C_LANGUAGE_STANDARD = gnu11;
				GCC_NO_COMMON_BLOCKS = YES;
				GCC_WARN_64_TO_32_BIT_CONVERSION = YES;
				GCC_WARN_ABOUT_RETURN_TYPE = YES_ERROR;
				GCC_WARN_UNDECLARED_SELECTOR = YES;
				GCC_WARN_UNINITIALIZED_AUTOS = YES_AGGRESSIVE;
				GCC_WARN_UNUSED_FUNCTION = YES;
				GCC_WARN_UNUSED_VARIABLE = YES;
				IPHONEOS_DEPLOYMENT_TARGET = 15.4;
				MTL_ENABLE_DEBUG_INFO = NO;
				MTL_FAST_MATH = YES;
				SDKROOT = iphoneos;
				SWIFT_COMPILATION_MODE = wholemodule;
				SWIFT_OPTIMIZATION_LEVEL = "-O";
				VALIDATE_PRODUCT = YES;
			};
			name = Release;
		};
		94A94B6628749DC100DAAE28 /* Debug */ = {
			isa = XCBuildConfiguration;
			baseConfigurationReference = CDB895112BA318B12205CCA7 /* Pods-GithubViewer.debug.xcconfig */;
			buildSettings = {
				ASSETCATALOG_COMPILER_APPICON_NAME = AppIcon;
				ASSETCATALOG_COMPILER_GLOBAL_ACCENT_COLOR_NAME = AccentColor;
				CODE_SIGN_STYLE = Automatic;
				CURRENT_PROJECT_VERSION = 1;
				DEVELOPMENT_TEAM = 94Z448EL6M;
				GENERATE_INFOPLIST_FILE = YES;
				INFOPLIST_FILE = GithubViewer/Resource/Info.plist;
				INFOPLIST_KEY_UIApplicationSupportsIndirectInputEvents = YES;
				INFOPLIST_KEY_UILaunchStoryboardName = LaunchScreen;
				INFOPLIST_KEY_UIMainStoryboardFile = ListUserViewController;
				INFOPLIST_KEY_UISupportedInterfaceOrientations_iPad = "UIInterfaceOrientationPortrait UIInterfaceOrientationPortraitUpsideDown UIInterfaceOrientationLandscapeLeft UIInterfaceOrientationLandscapeRight";
				INFOPLIST_KEY_UISupportedInterfaceOrientations_iPhone = "UIInterfaceOrientationPortrait UIInterfaceOrientationLandscapeLeft UIInterfaceOrientationLandscapeRight";
				LD_RUNPATH_SEARCH_PATHS = (
					"$(inherited)",
					"@executable_path/Frameworks",
				);
				MARKETING_VERSION = 1.0;
				PRODUCT_BUNDLE_IDENTIFIER = net.yamatte.githubviewer.GithubViewer;
				PRODUCT_NAME = "$(TARGET_NAME)";
				SWIFT_EMIT_LOC_STRINGS = YES;
				SWIFT_VERSION = 5.0;
				TARGETED_DEVICE_FAMILY = "1,2";
			};
			name = Debug;
		};
		94A94B6728749DC100DAAE28 /* Release */ = {
			isa = XCBuildConfiguration;
			baseConfigurationReference = D2C24F85E2887015A1A370EF /* Pods-GithubViewer.release.xcconfig */;
			buildSettings = {
				ASSETCATALOG_COMPILER_APPICON_NAME = AppIcon;
				ASSETCATALOG_COMPILER_GLOBAL_ACCENT_COLOR_NAME = AccentColor;
				CODE_SIGN_STYLE = Automatic;
				CURRENT_PROJECT_VERSION = 1;
				DEVELOPMENT_TEAM = 94Z448EL6M;
				GENERATE_INFOPLIST_FILE = YES;
				INFOPLIST_FILE = GithubViewer/Resource/Info.plist;
				INFOPLIST_KEY_UIApplicationSupportsIndirectInputEvents = YES;
				INFOPLIST_KEY_UILaunchStoryboardName = LaunchScreen;
				INFOPLIST_KEY_UIMainStoryboardFile = ListUserViewController;
				INFOPLIST_KEY_UISupportedInterfaceOrientations_iPad = "UIInterfaceOrientationPortrait UIInterfaceOrientationPortraitUpsideDown UIInterfaceOrientationLandscapeLeft UIInterfaceOrientationLandscapeRight";
				INFOPLIST_KEY_UISupportedInterfaceOrientations_iPhone = "UIInterfaceOrientationPortrait UIInterfaceOrientationLandscapeLeft UIInterfaceOrientationLandscapeRight";
				LD_RUNPATH_SEARCH_PATHS = (
					"$(inherited)",
					"@executable_path/Frameworks",
				);
				MARKETING_VERSION = 1.0;
				PRODUCT_BUNDLE_IDENTIFIER = net.yamatte.githubviewer.GithubViewer;
				PRODUCT_NAME = "$(TARGET_NAME)";
				SWIFT_EMIT_LOC_STRINGS = YES;
				SWIFT_VERSION = 5.0;
				TARGETED_DEVICE_FAMILY = "1,2";
			};
			name = Release;
		};
		94B8564C287B1A000045C325 /* Debug */ = {
			isa = XCBuildConfiguration;
			buildSettings = {
				CODE_SIGN_STYLE = Automatic;
				DEVELOPMENT_TEAM = 94Z448EL6M;
				PRODUCT_NAME = "$(TARGET_NAME)";
			};
			name = Debug;
		};
		94B8564D287B1A000045C325 /* Release */ = {
			isa = XCBuildConfiguration;
			buildSettings = {
				CODE_SIGN_STYLE = Automatic;
				DEVELOPMENT_TEAM = 94Z448EL6M;
				PRODUCT_NAME = "$(TARGET_NAME)";
			};
			name = Release;
		};
/* End XCBuildConfiguration section */

/* Begin XCConfigurationList section */
		94A94B4C28749DBF00DAAE28 /* Build configuration list for PBXProject "GithubViewer" */ = {
			isa = XCConfigurationList;
			buildConfigurations = (
				94A94B6328749DC100DAAE28 /* Debug */,
				94A94B6428749DC100DAAE28 /* Release */,
			);
			defaultConfigurationIsVisible = 0;
			defaultConfigurationName = Release;
		};
		94A94B6528749DC100DAAE28 /* Build configuration list for PBXNativeTarget "GithubViewer" */ = {
			isa = XCConfigurationList;
			buildConfigurations = (
				94A94B6628749DC100DAAE28 /* Debug */,
				94A94B6728749DC100DAAE28 /* Release */,
			);
			defaultConfigurationIsVisible = 0;
			defaultConfigurationName = Release;
		};
		94B8564B287B1A000045C325 /* Build configuration list for PBXAggregateTarget "BuildTools" */ = {
			isa = XCConfigurationList;
			buildConfigurations = (
				94B8564C287B1A000045C325 /* Debug */,
				94B8564D287B1A000045C325 /* Release */,
			);
			defaultConfigurationIsVisible = 0;
			defaultConfigurationName = Release;
		};
/* End XCConfigurationList section */

/* Begin XCRemoteSwiftPackageReference section */
		940444E928773B9C006FC67A /* XCRemoteSwiftPackageReference "Alamofire" */ = {
			isa = XCRemoteSwiftPackageReference;
			repositoryURL = "https://github.com/Alamofire/Alamofire";
			requirement = {
				kind = exactVersion;
				version = 5.6.1;
			};
		};
		941AA8AB287C8B380096AB3E /* XCRemoteSwiftPackageReference "Kingfisher" */ = {
			isa = XCRemoteSwiftPackageReference;
			repositoryURL = "https://github.com/onevcat/Kingfisher.git";
			requirement = {
				kind = exactVersion;
				version = 7.3.0;
			};
		};
/* End XCRemoteSwiftPackageReference section */

/* Begin XCSwiftPackageProductDependency section */
		940444EA28773B9C006FC67A /* Alamofire */ = {
			isa = XCSwiftPackageProductDependency;
			package = 940444E928773B9C006FC67A /* XCRemoteSwiftPackageReference "Alamofire" */;
			productName = Alamofire;
		};
		941AA8AC287C8B380096AB3E /* Kingfisher */ = {
			isa = XCSwiftPackageProductDependency;
			package = 941AA8AB287C8B380096AB3E /* XCRemoteSwiftPackageReference "Kingfisher" */;
			productName = Kingfisher;
		};
/* End XCSwiftPackageProductDependency section */
	};
	rootObject = 94A94B4928749DBF00DAAE28 /* Project object */;
}
